// !$*UTF8*$!
{
	archiveVersion = 1;
	classes = {
	};
	objectVersion = 46;
	objects = {

/* Begin PBXBuildFile section */
		2D2578861CAE534A00CEB3D2 /* AppDelegate.swift in Sources */ = {isa = PBXBuildFile; fileRef = 2D2578851CAE534A00CEB3D2 /* AppDelegate.swift */; };
		2D2578881CAE534A00CEB3D2 /* ViewController.swift in Sources */ = {isa = PBXBuildFile; fileRef = 2D2578871CAE534A00CEB3D2 /* ViewController.swift */; };
		2D25788B1CAE534A00CEB3D2 /* Main.storyboard in Resources */ = {isa = PBXBuildFile; fileRef = 2D2578891CAE534A00CEB3D2 /* Main.storyboard */; };
		2D25788D1CAE534A00CEB3D2 /* Assets.xcassets in Resources */ = {isa = PBXBuildFile; fileRef = 2D25788C1CAE534A00CEB3D2 /* Assets.xcassets */; };
		2D2578901CAE534A00CEB3D2 /* LaunchScreen.storyboard in Resources */ = {isa = PBXBuildFile; fileRef = 2D25788E1CAE534A00CEB3D2 /* LaunchScreen.storyboard */; };
/* End PBXBuildFile section */

/* Begin PBXFileReference section */
		2D2578821CAE534A00CEB3D2 /* Billingo.app */ = {isa = PBXFileReference; explicitFileType = wrapper.application; includeInIndex = 0; path = Billingo.app; sourceTree = BUILT_PRODUCTS_DIR; };
		2D2578851CAE534A00CEB3D2 /* AppDelegate.swift */ = {isa = PBXFileReference; lastKnownFileType = sourcecode.swift; path = AppDelegate.swift; sourceTree = "<group>"; };
		2D2578871CAE534A00CEB3D2 /* ViewController.swift */ = {isa = PBXFileReference; lastKnownFileType = sourcecode.swift; path = ViewController.swift; sourceTree = "<group>"; };
		2D25788A1CAE534A00CEB3D2 /* Base */ = {isa = PBXFileReference; lastKnownFileType = file.storyboard; name = Base; path = Base.lproj/Main.storyboard; sourceTree = "<group>"; };
		2D25788C1CAE534A00CEB3D2 /* Assets.xcassets */ = {isa = PBXFileReference; lastKnownFileType = folder.assetcatalog; path = Assets.xcassets; sourceTree = "<group>"; };
		2D25788F1CAE534A00CEB3D2 /* Base */ = {isa = PBXFileReference; lastKnownFileType = file.storyboard; name = Base; path = Base.lproj/LaunchScreen.storyboard; sourceTree = "<group>"; };
		2D2578911CAE534A00CEB3D2 /* Info.plist */ = {isa = PBXFileReference; lastKnownFileType = text.plist.xml; path = Info.plist; sourceTree = "<group>"; };
/* End PBXFileReference section */

/* Begin PBXFrameworksBuildPhase section */
		2D25787F1CAE534A00CEB3D2 /* Frameworks */ = {
			isa = PBXFrameworksBuildPhase;
			buildActionMask = 2147483647;
			files = (
			);
			runOnlyForDeploymentPostprocessing = 0;
		};
/* End PBXFrameworksBuildPhase section */

/* Begin PBXGroup section */
		2D2578791CAE534A00CEB3D2 = {
			isa = PBXGroup;
			children = (
				2D2578841CAE534A00CEB3D2 /* Billingo */,
				2D2578831CAE534A00CEB3D2 /* Products */,
			);
			sourceTree = "<group>";
		};
		2D2578831CAE534A00CEB3D2 /* Products */ = {
			isa = PBXGroup;
			children = (
				2D2578821CAE534A00CEB3D2 /* Billingo.app */,
			);
			name = Products;
			sourceTree = "<group>";
		};
		2D2578841CAE534A00CEB3D2 /* Billingo */ = {
			isa = PBXGroup;
			children = (
				2D2578851CAE534A00CEB3D2 /* AppDelegate.swift */,
				2D2578871CAE534A00CEB3D2 /* ViewController.swift */,
				2D2578891CAE534A00CEB3D2 /* Main.storyboard */,
				2D25788C1CAE534A00CEB3D2 /* Assets.xcassets */,
				2D25788E1CAE534A00CEB3D2 /* LaunchScreen.storyboard */,
				2D2578911CAE534A00CEB3D2 /* Info.plist */,
			);
			path = Billingo;
			sourceTree = "<group>";
		};
/* End PBXGroup section */

/* Begin PBXNativeTarget section */
		2D2578811CAE534A00CEB3D2 /* Billingo */ = {
			isa = PBXNativeTarget;
			buildConfigurationList = 2D2578941CAE534A00CEB3D2 /* Build configuration list for PBXNativeTarget "Billingo" */;
			buildPhases = (
				2D25787E1CAE534A00CEB3D2 /* Sources */,
				2D25787F1CAE534A00CEB3D2 /* Frameworks */,
				2D2578801CAE534A00CEB3D2 /* Resources */,
			);
			buildRules = (
			);
			dependencies = (
			);
			name = Billingo;
			productName = Billingo;
			productReference = 2D2578821CAE534A00CEB3D2 /* Billingo.app */;
			productType = "com.apple.product-type.application";
		};
/* End PBXNativeTarget section */

/* Begin PBXProject section */
		2D25787A1CAE534A00CEB3D2 /* Project object */ = {
			isa = PBXProject;
			attributes = {
				LastSwiftUpdateCheck = 0730;
				LastUpgradeCheck = 0730;
				ORGANIZATIONNAME = MU;
				TargetAttributes = {
					2D2578811CAE534A00CEB3D2 = {
						CreatedOnToolsVersion = 7.3;
					};
				};
			};
			buildConfigurationList = 2D25787D1CAE534A00CEB3D2 /* Build configuration list for PBXProject "Billingo" */;
			compatibilityVersion = "Xcode 3.2";
			developmentRegion = English;
			hasScannedForEncodings = 0;
			knownRegions = (
				en,
				Base,
			);
			mainGroup = 2D2578791CAE534A00CEB3D2;
			productRefGroup = 2D2578831CAE534A00CEB3D2 /* Products */;
			projectDirPath = "";
			projectRoot = "";
			targets = (
				2D2578811CAE534A00CEB3D2 /* Billingo */,
			);
		};
/* End PBXProject section */

/* Begin PBXResourcesBuildPhase section */
		2D2578801CAE534A00CEB3D2 /* Resources */ = {
			isa = PBXResourcesBuildPhase;
			buildActionMask = 2147483647;
			files = (
				2D2578901CAE534A00CEB3D2 /* LaunchScreen.storyboard in Resources */,
				2D25788D1CAE534A00CEB3D2 /* Assets.xcassets in Resources */,
				2D25788B1CAE534A00CEB3D2 /* Main.storyboard in Resources */,
			);
			runOnlyForDeploymentPostprocessing = 0;
		};
/* End PBXResourcesBuildPhase section */

/* Begin PBXSourcesBuildPhase section */
		2D25787E1CAE534A00CEB3D2 /* Sources */ = {
			isa = PBXSourcesBuildPhase;
			buildActionMask = 2147483647;
			files = (
				2D2578881CAE534A00CEB3D2 /* ViewController.swift in Sources */,
				2D2578861CAE534A00CEB3D2 /* AppDelegate.swift in Sources */,
			);
			runOnlyForDeploymentPostprocessing = 0;
		};
/* End PBXSourcesBuildPhase section */

/* Begin PBXVariantGroup section */
		2D2578891CAE534A00CEB3D2 /* Main.storyboard */ = {
			isa = PBXVariantGroup;
			children = (
				2D25788A1CAE534A00CEB3D2 /* Base */,
			);
			name = Main.storyboard;
			sourceTree = "<group>";
		};
		2D25788E1CAE534A00CEB3D2 /* LaunchScreen.storyboard */ = {
			isa = PBXVariantGroup;
			children = (
				2D25788F1CAE534A00CEB3D2 /* Base */,
			);
			name = LaunchScreen.storyboard;
			sourceTree = "<group>";
		};
/* End PBXVariantGroup section */

/* Begin XCBuildConfiguration section */
		2D2578921CAE534A00CEB3D2 /* Debug */ = {
			isa = XCBuildConfiguration;
			buildSettings = {
				ALWAYS_SEARCH_USER_PATHS = NO;
				CLANG_ANALYZER_NONNULL = YES;
				CLANG_CXX_LANGUAGE_STANDARD = "gnu++0x";
				CLANG_CXX_LIBRARY = "libc++";
				CLANG_ENABLE_MODULES = YES;
				CLANG_ENABLE_OBJC_ARC = YES;
				CLANG_WARN_BOOL_CONVERSION = YES;
				CLANG_WARN_CONSTANT_CONVERSION = YES;
				CLANG_WARN_DIRECT_OBJC_ISA_USAGE = YES_ERROR;
				CLANG_WARN_EMPTY_BODY = YES;
				CLANG_WARN_ENUM_CONVERSION = YES;
				CLANG_WARN_INT_CONVERSION = YES;
				CLANG_WARN_OBJC_ROOT_CLASS = YES_ERROR;
				CLANG_WARN_UNREACHABLE_CODE = YES;
				CLANG_WARN__DUPLICATE_METHOD_MATCH = YES;
				"CODE_SIGN_IDENTITY[sdk=iphoneos*]" = "iPhone Developer";
				COPY_PHASE_STRIP = NO;
				DEBUG_INFORMATION_FORMAT = dwarf;
				ENABLE_STRICT_OBJC_MSGSEND = YES;
				ENABLE_TESTABILITY = YES;
				GCC_C_LANGUAGE_STANDARD = gnu99;
				GCC_DYNAMIC_NO_PIC = NO;
				GCC_NO_COMMON_BLOCKS = YES;
				GCC_OPTIMIZATION_LEVEL = 0;
				GCC_PREPROCESSOR_DEFINITIONS = (
					"DEBUG=1",
					"$(inherited)",
				);
				GCC_WARN_64_TO_32_BIT_CONVERSION = YES;
				GCC_WARN_ABOUT_RETURN_TYPE = YES_ERROR;
				GCC_WARN_UNDECLARED_SELECTOR = YES;
				GCC_WARN_UNINITIALIZED_AUTOS = YES_AGGRESSIVE;
				GCC_WARN_UNUSED_FUNCTION = YES;
				GCC_WARN_UNUSED_VARIABLE = YES;
				IPHONEOS_DEPLOYMENT_TARGET = 9.3;
				MTL_ENABLE_DEBUG_INFO = YES;
				ONLY_ACTIVE_ARCH = YES;
				SDKROOT = iphoneos;
				SWIFT_OPTIMIZATION_LEVEL = "-Onone";
			};
			name = Debug;
		};
		2D2578931CAE534A00CEB3D2 /* Release */ = {
			isa = XCBuildConfiguration;
			buildSettings = {
				ALWAYS_SEARCH_USER_PATHS = NO;
				CLANG_ANALYZER_NONNULL = YES;
				CLANG_CXX_LANGUAGE_STANDARD = "gnu++0x";
				CLANG_CXX_LIBRARY = "libc++";
				CLANG_ENABLE_MODULES = YES;
				CLANG_ENABLE_OBJC_ARC = YES;
				CLANG_WARN_BOOL_CONVERSION = YES;
				CLANG_WARN_CONSTANT_CONVERSION = YES;
				CLANG_WARN_DIRECT_OBJC_ISA_USAGE = YES_ERROR;
				CLANG_WARN_EMPTY_BODY = YES;
				CLANG_WARN_ENUM_CONVERSION = YES;
				CLANG_WARN_INT_CONVERSION = YES;
				CLANG_WARN_OBJC_ROOT_CLASS = YES_ERROR;
				CLANG_WARN_UNREACHABLE_CODE = YES;
				CLANG_WARN__DUPLICATE_METHOD_MATCH = YES;
				"CODE_SIGN_IDENTITY[sdk=iphoneos*]" = "iPhone Developer";
				COPY_PHASE_STRIP = NO;
				DEBUG_INFORMATION_FORMAT = "dwarf-with-dsym";
				ENABLE_NS_ASSERTIONS = NO;
				ENABLE_STRICT_OBJC_MSGSEND = YES;
				GCC_C_LANGUAGE_STANDARD = gnu99;
				GCC_NO_COMMON_BLOCKS = YES;
				GCC_WARN_64_TO_32_BIT_CONVERSION = YES;
				GCC_WARN_ABOUT_RETURN_TYPE = YES_ERROR;
				GCC_WARN_UNDECLARED_SELECTOR = YES;
				GCC_WARN_UNINITIALIZED_AUTOS = YES_AGGRESSIVE;
				GCC_WARN_UNUSED_FUNCTION = YES;
				GCC_WARN_UNUSED_VARIABLE = YES;
				IPHONEOS_DEPLOYMENT_TARGET = 9.3;
				MTL_ENABLE_DEBUG_INFO = NO;
				SDKROOT = iphoneos;
				VALIDATE_PRODUCT = YES;
			};
			name = Release;
		};
		2D2578951CAE534A00CEB3D2 /* Debug */ = {
			isa = XCBuildConfiguration;
			buildSettings = {
				ASSETCATALOG_COMPILER_APPICON_NAME = AppIcon;
				INFOPLIST_FILE = Billingo/Info.plist;
				LD_RUNPATH_SEARCH_PATHS = "$(inherited) @executable_path/Frameworks";
				PRODUCT_BUNDLE_IDENTIFIER = com.mu.Billingo;
				PRODUCT_NAME = "$(TARGET_NAME)";
			};
			name = Debug;
		};
		2D2578961CAE534A00CEB3D2 /* Release */ = {
			isa = XCBuildConfiguration;
			buildSettings = {
				ASSETCATALOG_COMPILER_APPICON_NAME = AppIcon;
				INFOPLIST_FILE = Billingo/Info.plist;
				LD_RUNPATH_SEARCH_PATHS = "$(inherited) @executable_path/Frameworks";
				PRODUCT_BUNDLE_IDENTIFIER = com.mu.Billingo;
				PRODUCT_NAME = "$(TARGET_NAME)";
			};
			name = Release;
		};
/* End XCBuildConfiguration section */

/* Begin XCConfigurationList section */
		2D25787D1CAE534A00CEB3D2 /* Build configuration list for PBXProject "Billingo" */ = {
			isa = XCConfigurationList;
			buildConfigurations = (
				2D2578921CAE534A00CEB3D2 /* Debug */,
				2D2578931CAE534A00CEB3D2 /* Release */,
			);
			defaultConfigurationIsVisible = 0;
			defaultConfigurationName = Release;
		};
		2D2578941CAE534A00CEB3D2 /* Build configuration list for PBXNativeTarget "Billingo" */ = {
			isa = XCConfigurationList;
			buildConfigurations = (
				2D2578951CAE534A00CEB3D2 /* Debug */,
				2D2578961CAE534A00CEB3D2 /* Release */,
			);
			defaultConfigurationIsVisible = 0;
		};
/* End XCConfigurationList section */
	};
	rootObject = 2D25787A1CAE534A00CEB3D2 /* Project object */;
}
