// !$*UTF8*$!
{
	archiveVersion = 1;
	classes = {
	};
	objectVersion = 46;
	objects = {

/* Begin PBXBuildFile section */
		1D4DC6611CD1EEC700258417 /* DetailGroupViewController.swift in Sources */ = {isa = PBXBuildFile; fileRef = 1D4DC6601CD1EEC700258417 /* DetailGroupViewController.swift */; };
		1D5DEBD91CD20CE600798520 /* ExpenseTableViewCell.swift in Sources */ = {isa = PBXBuildFile; fileRef = 1D5DEBD81CD20CE600798520 /* ExpenseTableViewCell.swift */; };
		1D5DEBDB1CD2104500798520 /* Expense.swift in Sources */ = {isa = PBXBuildFile; fileRef = 1D5DEBDA1CD2104500798520 /* Expense.swift */; };
		2D2578861CAE534A00CEB3D2 /* AppDelegate.swift in Sources */ = {isa = PBXBuildFile; fileRef = 2D2578851CAE534A00CEB3D2 /* AppDelegate.swift */; };
		2D2578881CAE534A00CEB3D2 /* GroupsViewController.swift in Sources */ = {isa = PBXBuildFile; fileRef = 2D2578871CAE534A00CEB3D2 /* GroupsViewController.swift */; };
		2D25788B1CAE534A00CEB3D2 /* Main.storyboard in Resources */ = {isa = PBXBuildFile; fileRef = 2D2578891CAE534A00CEB3D2 /* Main.storyboard */; };
		2D25788D1CAE534A00CEB3D2 /* Assets.xcassets in Resources */ = {isa = PBXBuildFile; fileRef = 2D25788C1CAE534A00CEB3D2 /* Assets.xcassets */; };
		2D2578901CAE534A00CEB3D2 /* LaunchScreen.storyboard in Resources */ = {isa = PBXBuildFile; fileRef = 2D25788E1CAE534A00CEB3D2 /* LaunchScreen.storyboard */; };
		2D39B2011CD0924E00E8803C /* Group.swift in Sources */ = {isa = PBXBuildFile; fileRef = 2D39B2001CD0924E00E8803C /* Group.swift */; };
		2D39B2031CD092F500E8803C /* GroupCollectionViewCell.swift in Sources */ = {isa = PBXBuildFile; fileRef = 2D39B2021CD092F500E8803C /* GroupCollectionViewCell.swift */; };
		2D39B2071CD0960F00E8803C /* KeychainWrapper.m in Sources */ = {isa = PBXBuildFile; fileRef = 2D39B2061CD0960F00E8803C /* KeychainWrapper.m */; };
		2DBA65D21CB66C78004B61BD /* LoginViewController.swift in Sources */ = {isa = PBXBuildFile; fileRef = 2DBA65D11CB66C78004B61BD /* LoginViewController.swift */; };
		CAF560E6C6E97CB059E9CCFF /* Pods_Billingo.framework in Frameworks */ = {isa = PBXBuildFile; fileRef = 7A1E5C67513B2F59FE5BF13A /* Pods_Billingo.framework */; };
/* End PBXBuildFile section */

/* Begin PBXFileReference section */
		1D4DC6601CD1EEC700258417 /* DetailGroupViewController.swift */ = {isa = PBXFileReference; fileEncoding = 4; lastKnownFileType = sourcecode.swift; path = DetailGroupViewController.swift; sourceTree = "<group>"; };
		1D5DEBD81CD20CE600798520 /* ExpenseTableViewCell.swift */ = {isa = PBXFileReference; fileEncoding = 4; lastKnownFileType = sourcecode.swift; path = ExpenseTableViewCell.swift; sourceTree = "<group>"; };
		1D5DEBDA1CD2104500798520 /* Expense.swift */ = {isa = PBXFileReference; fileEncoding = 4; lastKnownFileType = sourcecode.swift; path = Expense.swift; sourceTree = "<group>"; };
		2D2578821CAE534A00CEB3D2 /* Billingo.app */ = {isa = PBXFileReference; explicitFileType = wrapper.application; includeInIndex = 0; path = Billingo.app; sourceTree = BUILT_PRODUCTS_DIR; };
		2D2578851CAE534A00CEB3D2 /* AppDelegate.swift */ = {isa = PBXFileReference; lastKnownFileType = sourcecode.swift; path = AppDelegate.swift; sourceTree = "<group>"; };
		2D2578871CAE534A00CEB3D2 /* GroupsViewController.swift */ = {isa = PBXFileReference; lastKnownFileType = sourcecode.swift; path = GroupsViewController.swift; sourceTree = "<group>"; };
		2D25788A1CAE534A00CEB3D2 /* Base */ = {isa = PBXFileReference; lastKnownFileType = file.storyboard; name = Base; path = Base.lproj/Main.storyboard; sourceTree = "<group>"; };
		2D25788C1CAE534A00CEB3D2 /* Assets.xcassets */ = {isa = PBXFileReference; lastKnownFileType = folder.assetcatalog; path = Assets.xcassets; sourceTree = "<group>"; };
		2D25788F1CAE534A00CEB3D2 /* Base */ = {isa = PBXFileReference; lastKnownFileType = file.storyboard; name = Base; path = Base.lproj/LaunchScreen.storyboard; sourceTree = "<group>"; };
		2D2578911CAE534A00CEB3D2 /* Info.plist */ = {isa = PBXFileReference; lastKnownFileType = text.plist.xml; path = Info.plist; sourceTree = "<group>"; };
		2D39B2001CD0924E00E8803C /* Group.swift */ = {isa = PBXFileReference; fileEncoding = 4; lastKnownFileType = sourcecode.swift; path = Group.swift; sourceTree = "<group>"; };
		2D39B2021CD092F500E8803C /* GroupCollectionViewCell.swift */ = {isa = PBXFileReference; fileEncoding = 4; lastKnownFileType = sourcecode.swift; path = GroupCollectionViewCell.swift; sourceTree = "<group>"; };
		2D39B2041CD0960E00E8803C /* Billingo-Bridging-Header.h */ = {isa = PBXFileReference; lastKnownFileType = sourcecode.c.h; path = "Billingo-Bridging-Header.h"; sourceTree = "<group>"; };
		2D39B2051CD0960F00E8803C /* KeychainWrapper.h */ = {isa = PBXFileReference; fileEncoding = 4; lastKnownFileType = sourcecode.c.h; path = KeychainWrapper.h; sourceTree = "<group>"; };
		2D39B2061CD0960F00E8803C /* KeychainWrapper.m */ = {isa = PBXFileReference; fileEncoding = 4; lastKnownFileType = sourcecode.c.objc; path = KeychainWrapper.m; sourceTree = "<group>"; };
		2DBA65D11CB66C78004B61BD /* LoginViewController.swift */ = {isa = PBXFileReference; fileEncoding = 4; lastKnownFileType = sourcecode.swift; path = LoginViewController.swift; sourceTree = "<group>"; };
		7A1E5C67513B2F59FE5BF13A /* Pods_Billingo.framework */ = {isa = PBXFileReference; explicitFileType = wrapper.framework; includeInIndex = 0; path = Pods_Billingo.framework; sourceTree = BUILT_PRODUCTS_DIR; };
		E11857B3ADA4F80DC47C66B3 /* Pods-Billingo.debug.xcconfig */ = {isa = PBXFileReference; includeInIndex = 1; lastKnownFileType = text.xcconfig; name = "Pods-Billingo.debug.xcconfig"; path = "Pods/Target Support Files/Pods-Billingo/Pods-Billingo.debug.xcconfig"; sourceTree = "<group>"; };
		FA22C51A1EDE73EF5E40C0AB /* Pods-Billingo.release.xcconfig */ = {isa = PBXFileReference; includeInIndex = 1; lastKnownFileType = text.xcconfig; name = "Pods-Billingo.release.xcconfig"; path = "Pods/Target Support Files/Pods-Billingo/Pods-Billingo.release.xcconfig"; sourceTree = "<group>"; };
/* End PBXFileReference section */

/* Begin PBXFrameworksBuildPhase section */
		2D25787F1CAE534A00CEB3D2 /* Frameworks */ = {
			isa = PBXFrameworksBuildPhase;
			buildActionMask = 2147483647;
			files = (
				CAF560E6C6E97CB059E9CCFF /* Pods_Billingo.framework in Frameworks */,
			);
			runOnlyForDeploymentPostprocessing = 0;
		};
/* End PBXFrameworksBuildPhase section */

/* Begin PBXGroup section */
		1D7FBDF51CD66B34008ACFC9 /* Model */ = {
			isa = PBXGroup;
			children = (
				1D5DEBDA1CD2104500798520 /* Expense.swift */,
				2D39B2001CD0924E00E8803C /* Group.swift */,
			);
			name = Model;
			sourceTree = "<group>";
		};
		1D7FBDF61CD66B42008ACFC9 /* View */ = {
			isa = PBXGroup;
			children = (
				2D39B2021CD092F500E8803C /* GroupCollectionViewCell.swift */,
				1D5DEBD81CD20CE600798520 /* ExpenseTableViewCell.swift */,
			);
			name = View;
			sourceTree = "<group>";
		};
		1D7FBDF71CD66B47008ACFC9 /* Controller */ = {
			isa = PBXGroup;
			children = (
				1D4DC6601CD1EEC700258417 /* DetailGroupViewController.swift */,
				2DBA65D11CB66C78004B61BD /* LoginViewController.swift */,
				2D2578871CAE534A00CEB3D2 /* GroupsViewController.swift */,
			);
			name = Controller;
			sourceTree = "<group>";
		};
		2D2578791CAE534A00CEB3D2 = {
			isa = PBXGroup;
			children = (
				2D2578841CAE534A00CEB3D2 /* Billingo */,
				2D2578831CAE534A00CEB3D2 /* Products */,
				7882592331446450CEFD1285 /* Pods */,
				5FF133C28D08AFF845AB0847 /* Frameworks */,
			);
			sourceTree = "<group>";
		};
		2D2578831CAE534A00CEB3D2 /* Products */ = {
			isa = PBXGroup;
			children = (
				2D2578821CAE534A00CEB3D2 /* Billingo.app */,
			);
			name = Products;
			sourceTree = "<group>";
		};
		2D2578841CAE534A00CEB3D2 /* Billingo */ = {
			isa = PBXGroup;
			children = (
				1D7FBDF71CD66B47008ACFC9 /* Controller */,
				1D7FBDF61CD66B42008ACFC9 /* View */,
				1D7FBDF51CD66B34008ACFC9 /* Model */,
				2D39B2051CD0960F00E8803C /* KeychainWrapper.h */,
				2D39B2061CD0960F00E8803C /* KeychainWrapper.m */,
				2D2578851CAE534A00CEB3D2 /* AppDelegate.swift */,
				2D2578891CAE534A00CEB3D2 /* Main.storyboard */,
				2D25788C1CAE534A00CEB3D2 /* Assets.xcassets */,
				2D25788E1CAE534A00CEB3D2 /* LaunchScreen.storyboard */,
				2D2578911CAE534A00CEB3D2 /* Info.plist */,
				2D39B2041CD0960E00E8803C /* Billingo-Bridging-Header.h */,
			);
			path = Billingo;
			sourceTree = "<group>";
		};
		5FF133C28D08AFF845AB0847 /* Frameworks */ = {
			isa = PBXGroup;
			children = (
				7A1E5C67513B2F59FE5BF13A /* Pods_Billingo.framework */,
			);
			name = Frameworks;
			sourceTree = "<group>";
		};
		7882592331446450CEFD1285 /* Pods */ = {
			isa = PBXGroup;
			children = (
				E11857B3ADA4F80DC47C66B3 /* Pods-Billingo.debug.xcconfig */,
				FA22C51A1EDE73EF5E40C0AB /* Pods-Billingo.release.xcconfig */,
			);
			name = Pods;
			sourceTree = "<group>";
		};
/* End PBXGroup section */

/* Begin PBXNativeTarget section */
		2D2578811CAE534A00CEB3D2 /* Billingo */ = {
			isa = PBXNativeTarget;
			buildConfigurationList = 2D2578941CAE534A00CEB3D2 /* Build configuration list for PBXNativeTarget "Billingo" */;
			buildPhases = (
				D2DC583E1A0D44295AE1482F /* Check Pods Manifest.lock */,
				2D25787E1CAE534A00CEB3D2 /* Sources */,
				2D25787F1CAE534A00CEB3D2 /* Frameworks */,
				2D2578801CAE534A00CEB3D2 /* Resources */,
				A32B61E2DD42A85B0A4639A8 /* Embed Pods Frameworks */,
				739269005FE8768EF85C1CB4 /* Copy Pods Resources */,
			);
			buildRules = (
			);
			dependencies = (
			);
			name = Billingo;
			productName = Billingo;
			productReference = 2D2578821CAE534A00CEB3D2 /* Billingo.app */;
			productType = "com.apple.product-type.application";
		};
/* End PBXNativeTarget section */

/* Begin PBXProject section */
		2D25787A1CAE534A00CEB3D2 /* Project object */ = {
			isa = PBXProject;
			attributes = {
				LastSwiftUpdateCheck = 0730;
				LastUpgradeCheck = 0730;
				ORGANIZATIONNAME = MU;
				TargetAttributes = {
					2D2578811CAE534A00CEB3D2 = {
						CreatedOnToolsVersion = 7.3;
					};
				};
			};
			buildConfigurationList = 2D25787D1CAE534A00CEB3D2 /* Build configuration list for PBXProject "Billingo" */;
			compatibilityVersion = "Xcode 3.2";
			developmentRegion = English;
			hasScannedForEncodings = 0;
			knownRegions = (
				en,
				Base,
			);
			mainGroup = 2D2578791CAE534A00CEB3D2;
			productRefGroup = 2D2578831CAE534A00CEB3D2 /* Products */;
			projectDirPath = "";
			projectRoot = "";
			targets = (
				2D2578811CAE534A00CEB3D2 /* Billingo */,
			);
		};
/* End PBXProject section */

/* Begin PBXResourcesBuildPhase section */
		2D2578801CAE534A00CEB3D2 /* Resources */ = {
			isa = PBXResourcesBuildPhase;
			buildActionMask = 2147483647;
			files = (
				2D2578901CAE534A00CEB3D2 /* LaunchScreen.storyboard in Resources */,
				2D25788D1CAE534A00CEB3D2 /* Assets.xcassets in Resources */,
				2D25788B1CAE534A00CEB3D2 /* Main.storyboard in Resources */,
			);
			runOnlyForDeploymentPostprocessing = 0;
		};
/* End PBXResourcesBuildPhase section */

/* Begin PBXShellScriptBuildPhase section */
		739269005FE8768EF85C1CB4 /* Copy Pods Resources */ = {
			isa = PBXShellScriptBuildPhase;
			buildActionMask = 2147483647;
			files = (
			);
			inputPaths = (
			);
			name = "Copy Pods Resources";
			outputPaths = (
			);
			runOnlyForDeploymentPostprocessing = 0;
			shellPath = /bin/sh;
			shellScript = "\"${SRCROOT}/Pods/Target Support Files/Pods-Billingo/Pods-Billingo-resources.sh\"\n";
			showEnvVarsInLog = 0;
		};
		A32B61E2DD42A85B0A4639A8 /* Embed Pods Frameworks */ = {
			isa = PBXShellScriptBuildPhase;
			buildActionMask = 2147483647;
			files = (
			);
			inputPaths = (
			);
			name = "Embed Pods Frameworks";
			outputPaths = (
			);
			runOnlyForDeploymentPostprocessing = 0;
			shellPath = /bin/sh;
			shellScript = "\"${SRCROOT}/Pods/Target Support Files/Pods-Billingo/Pods-Billingo-frameworks.sh\"\n";
			showEnvVarsInLog = 0;
		};
		D2DC583E1A0D44295AE1482F /* Check Pods Manifest.lock */ = {
			isa = PBXShellScriptBuildPhase;
			buildActionMask = 2147483647;
			files = (
			);
			inputPaths = (
			);
			name = "Check Pods Manifest.lock";
			outputPaths = (
			);
			runOnlyForDeploymentPostprocessing = 0;
			shellPath = /bin/sh;
			shellScript = "diff \"${PODS_ROOT}/../Podfile.lock\" \"${PODS_ROOT}/Manifest.lock\" > /dev/null\nif [[ $? != 0 ]] ; then\n    cat << EOM\nerror: The sandbox is not in sync with the Podfile.lock. Run 'pod install' or update your CocoaPods installation.\nEOM\n    exit 1\nfi\n";
			showEnvVarsInLog = 0;
		};
/* End PBXShellScriptBuildPhase section */

/* Begin PBXSourcesBuildPhase section */
		2D25787E1CAE534A00CEB3D2 /* Sources */ = {
			isa = PBXSourcesBuildPhase;
			buildActionMask = 2147483647;
			files = (
				1D5DEBD91CD20CE600798520 /* ExpenseTableViewCell.swift in Sources */,
				1D4DC6611CD1EEC700258417 /* DetailGroupViewController.swift in Sources */,
				2DBA65D21CB66C78004B61BD /* LoginViewController.swift in Sources */,
				2D2578881CAE534A00CEB3D2 /* GroupsViewController.swift in Sources */,
				2D2578861CAE534A00CEB3D2 /* AppDelegate.swift in Sources */,
				2D39B2071CD0960F00E8803C /* KeychainWrapper.m in Sources */,
				1D5DEBDB1CD2104500798520 /* Expense.swift in Sources */,
				2D39B2031CD092F500E8803C /* GroupCollectionViewCell.swift in Sources */,
				2D39B2011CD0924E00E8803C /* Group.swift in Sources */,
			);
			runOnlyForDeploymentPostprocessing = 0;
		};
/* End PBXSourcesBuildPhase section */

/* Begin PBXVariantGroup section */
		2D2578891CAE534A00CEB3D2 /* Main.storyboard */ = {
			isa = PBXVariantGroup;
			children = (
				2D25788A1CAE534A00CEB3D2 /* Base */,
			);
			name = Main.storyboard;
			sourceTree = "<group>";
		};
		2D25788E1CAE534A00CEB3D2 /* LaunchScreen.storyboard */ = {
			isa = PBXVariantGroup;
			children = (
				2D25788F1CAE534A00CEB3D2 /* Base */,
			);
			name = LaunchScreen.storyboard;
			sourceTree = "<group>";
		};
/* End PBXVariantGroup section */

/* Begin XCBuildConfiguration section */
		2D2578921CAE534A00CEB3D2 /* Debug */ = {
			isa = XCBuildConfiguration;
			buildSettings = {
				ALWAYS_SEARCH_USER_PATHS = NO;
				CLANG_ANALYZER_NONNULL = YES;
				CLANG_CXX_LANGUAGE_STANDARD = "gnu++0x";
				CLANG_CXX_LIBRARY = "libc++";
				CLANG_ENABLE_MODULES = YES;
				CLANG_ENABLE_OBJC_ARC = YES;
				CLANG_WARN_BOOL_CONVERSION = YES;
				CLANG_WARN_CONSTANT_CONVERSION = YES;
				CLANG_WARN_DIRECT_OBJC_ISA_USAGE = YES_ERROR;
				CLANG_WARN_EMPTY_BODY = YES;
				CLANG_WARN_ENUM_CONVERSION = YES;
				CLANG_WARN_INT_CONVERSION = YES;
				CLANG_WARN_OBJC_ROOT_CLASS = YES_ERROR;
				CLANG_WARN_UNREACHABLE_CODE = YES;
				CLANG_WARN__DUPLICATE_METHOD_MATCH = YES;
				"CODE_SIGN_IDENTITY[sdk=iphoneos*]" = "iPhone Developer";
				COPY_PHASE_STRIP = NO;
				DEBUG_INFORMATION_FORMAT = dwarf;
				ENABLE_STRICT_OBJC_MSGSEND = YES;
				ENABLE_TESTABILITY = YES;
				GCC_C_LANGUAGE_STANDARD = gnu99;
				GCC_DYNAMIC_NO_PIC = NO;
				GCC_NO_COMMON_BLOCKS = YES;
				GCC_OPTIMIZATION_LEVEL = 0;
				GCC_PREPROCESSOR_DEFINITIONS = (
					"DEBUG=1",
					"$(inherited)",
				);
				GCC_WARN_64_TO_32_BIT_CONVERSION = YES;
				GCC_WARN_ABOUT_RETURN_TYPE = YES_ERROR;
				GCC_WARN_UNDECLARED_SELECTOR = YES;
				GCC_WARN_UNINITIALIZED_AUTOS = YES_AGGRESSIVE;
				GCC_WARN_UNUSED_FUNCTION = YES;
				GCC_WARN_UNUSED_VARIABLE = YES;
				IPHONEOS_DEPLOYMENT_TARGET = 9.3;
				MTL_ENABLE_DEBUG_INFO = YES;
				ONLY_ACTIVE_ARCH = YES;
				SDKROOT = iphoneos;
				SWIFT_OPTIMIZATION_LEVEL = "-Onone";
			};
			name = Debug;
		};
		2D2578931CAE534A00CEB3D2 /* Release */ = {
			isa = XCBuildConfiguration;
			buildSettings = {
				ALWAYS_SEARCH_USER_PATHS = NO;
				CLANG_ANALYZER_NONNULL = YES;
				CLANG_CXX_LANGUAGE_STANDARD = "gnu++0x";
				CLANG_CXX_LIBRARY = "libc++";
				CLANG_ENABLE_MODULES = YES;
				CLANG_ENABLE_OBJC_ARC = YES;
				CLANG_WARN_BOOL_CONVERSION = YES;
				CLANG_WARN_CONSTANT_CONVERSION = YES;
				CLANG_WARN_DIRECT_OBJC_ISA_USAGE = YES_ERROR;
				CLANG_WARN_EMPTY_BODY = YES;
				CLANG_WARN_ENUM_CONVERSION = YES;
				CLANG_WARN_INT_CONVERSION = YES;
				CLANG_WARN_OBJC_ROOT_CLASS = YES_ERROR;
				CLANG_WARN_UNREACHABLE_CODE = YES;
				CLANG_WARN__DUPLICATE_METHOD_MATCH = YES;
				"CODE_SIGN_IDENTITY[sdk=iphoneos*]" = "iPhone Developer";
				COPY_PHASE_STRIP = NO;
				DEBUG_INFORMATION_FORMAT = "dwarf-with-dsym";
				ENABLE_NS_ASSERTIONS = NO;
				ENABLE_STRICT_OBJC_MSGSEND = YES;
				GCC_C_LANGUAGE_STANDARD = gnu99;
				GCC_NO_COMMON_BLOCKS = YES;
				GCC_WARN_64_TO_32_BIT_CONVERSION = YES;
				GCC_WARN_ABOUT_RETURN_TYPE = YES_ERROR;
				GCC_WARN_UNDECLARED_SELECTOR = YES;
				GCC_WARN_UNINITIALIZED_AUTOS = YES_AGGRESSIVE;
				GCC_WARN_UNUSED_FUNCTION = YES;
				GCC_WARN_UNUSED_VARIABLE = YES;
				IPHONEOS_DEPLOYMENT_TARGET = 9.3;
				MTL_ENABLE_DEBUG_INFO = NO;
				SDKROOT = iphoneos;
				VALIDATE_PRODUCT = YES;
			};
			name = Release;
		};
		2D2578951CAE534A00CEB3D2 /* Debug */ = {
			isa = XCBuildConfiguration;
			baseConfigurationReference = E11857B3ADA4F80DC47C66B3 /* Pods-Billingo.debug.xcconfig */;
			buildSettings = {
				ASSETCATALOG_COMPILER_APPICON_NAME = AppIcon;
				CLANG_ENABLE_MODULES = YES;
				INFOPLIST_FILE = Billingo/Info.plist;
				LD_RUNPATH_SEARCH_PATHS = "$(inherited) @executable_path/Frameworks";
				PRODUCT_BUNDLE_IDENTIFIER = com.mu.Billingo;
				PRODUCT_NAME = "$(TARGET_NAME)";
				SWIFT_OBJC_BRIDGING_HEADER = "Billingo/Billingo-Bridging-Header.h";
				SWIFT_OPTIMIZATION_LEVEL = "-Onone";
				TARGETED_DEVICE_FAMILY = 1;
			};
			name = Debug;
		};
		2D2578961CAE534A00CEB3D2 /* Release */ = {
			isa = XCBuildConfiguration;
			baseConfigurationReference = FA22C51A1EDE73EF5E40C0AB /* Pods-Billingo.release.xcconfig */;
			buildSettings = {
				ASSETCATALOG_COMPILER_APPICON_NAME = AppIcon;
				CLANG_ENABLE_MODULES = YES;
				INFOPLIST_FILE = Billingo/Info.plist;
				LD_RUNPATH_SEARCH_PATHS = "$(inherited) @executable_path/Frameworks";
				PRODUCT_BUNDLE_IDENTIFIER = com.mu.Billingo;
				PRODUCT_NAME = "$(TARGET_NAME)";
				SWIFT_OBJC_BRIDGING_HEADER = "Billingo/Billingo-Bridging-Header.h";
				TARGETED_DEVICE_FAMILY = 1;
			};
			name = Release;
		};
/* End XCBuildConfiguration section */

/* Begin XCConfigurationList section */
		2D25787D1CAE534A00CEB3D2 /* Build configuration list for PBXProject "Billingo" */ = {
			isa = XCConfigurationList;
			buildConfigurations = (
				2D2578921CAE534A00CEB3D2 /* Debug */,
				2D2578931CAE534A00CEB3D2 /* Release */,
			);
			defaultConfigurationIsVisible = 0;
			defaultConfigurationName = Release;
		};
		2D2578941CAE534A00CEB3D2 /* Build configuration list for PBXNativeTarget "Billingo" */ = {
			isa = XCConfigurationList;
			buildConfigurations = (
				2D2578951CAE534A00CEB3D2 /* Debug */,
				2D2578961CAE534A00CEB3D2 /* Release */,
			);
			defaultConfigurationIsVisible = 0;
			defaultConfigurationName = Release;
		};
/* End XCConfigurationList section */
	};
	rootObject = 2D25787A1CAE534A00CEB3D2 /* Project object */;
}
